
Microsoft Visual Studio Solution File, Format Version 12.00
# Visual Studio 2013
VisualStudioVersion = 12.0.21005.1
MinimumVisualStudioVersion = 10.0.40219.1
Project("{FAE04EC0-301F-11D3-BF4B-00C04F79EFBC}") = "PhoneApp1", "PhoneApp1\PhoneApp1.csproj", "{707503BD-6C94-4EB3-BBE2-E7B35FBB44F6}"
EndProject
Project("{FAE04EC0-301F-11D3-BF4B-00C04F79EFBC}") = "App1", "App1\App1.csproj", "{6A85786B-4727-4CB5-B4BD-B2E746916DD5}"
EndProject
Project("{FAE04EC0-301F-11D3-BF4B-00C04F79EFBC}") = "PortableClassLibrary1", "PortableClassLibrary1\PortableClassLibrary1.csproj", "{7E96E2CD-ABA6-4460-AF01-8B5202285BF0}"
EndProject
Project("{FAE04EC0-301F-11D3-BF4B-00C04F79EFBC}") = "AndroidApplication1", "AndroidApplication1\AndroidApplication1.csproj", "{C8876456-C1F0-4154-A434-21047508C600}"
EndProject
Global
	GlobalSection(TeamFoundationVersionControl) = preSolution
		SccNumberOfProjects = 5
		SccEnterpriseProvider = {4CA58AB2-18FA-4F8D-95D4-32DDF27D184C}
		SccTeamFoundationServer = http://tfs.iteraconsulting.no:8080/tfs/old%20defaultcollection
		SccLocalPath0 = .
		SccProjectUniqueName1 = AndroidApplication1\\AndroidApplication1.csproj
		SccProjectName1 = AndroidApplication1
		SccLocalPath1 = AndroidApplication1
		SccProjectUniqueName2 = App1\\App1.csproj
		SccProjectName2 = App1
		SccLocalPath2 = App1
		SccProjectUniqueName3 = PhoneApp1\\PhoneApp1.csproj
		SccProjectName3 = PhoneApp1
		SccLocalPath3 = PhoneApp1
		SccProjectUniqueName4 = PortableClassLibrary1\\PortableClassLibrary1.csproj
		SccProjectName4 = PortableClassLibrary1
		SccLocalPath4 = PortableClassLibrary1
	EndGlobalSection
	GlobalSection(SolutionConfigurationPlatforms) = preSolution
		Ad-Hoc|Any CPU = Ad-Hoc|Any CPU
		Ad-Hoc|ARM = Ad-Hoc|ARM
		Ad-Hoc|iPhone = Ad-Hoc|iPhone
		Ad-Hoc|iPhoneSimulator = Ad-Hoc|iPhoneSimulator
		Ad-Hoc|Mixed Platforms = Ad-Hoc|Mixed Platforms
		Ad-Hoc|x64 = Ad-Hoc|x64
		Ad-Hoc|x86 = Ad-Hoc|x86
		AppStore|Any CPU = AppStore|Any CPU
		AppStore|ARM = AppStore|ARM
		AppStore|iPhone = AppStore|iPhone
		AppStore|iPhoneSimulator = AppStore|iPhoneSimulator
		AppStore|Mixed Platforms = AppStore|Mixed Platforms
		AppStore|x64 = AppStore|x64
		AppStore|x86 = AppStore|x86
		Debug|Any CPU = Debug|Any CPU
		Debug|ARM = Debug|ARM
		Debug|iPhone = Debug|iPhone
		Debug|iPhoneSimulator = Debug|iPhoneSimulator
		Debug|Mixed Platforms = Debug|Mixed Platforms
		Debug|x64 = Debug|x64
		Debug|x86 = Debug|x86
		Release|Any CPU = Release|Any CPU
		Release|ARM = Release|ARM
		Release|iPhone = Release|iPhone
		Release|iPhoneSimulator = Release|iPhoneSimulator
		Release|Mixed Platforms = Release|Mixed Platforms
		Release|x64 = Release|x64
		Release|x86 = Release|x86
	EndGlobalSection
	GlobalSection(ProjectConfigurationPlatforms) = postSolution
		{707503BD-6C94-4EB3-BBE2-E7B35FBB44F6}.Ad-Hoc|Any CPU.ActiveCfg = Release|Any CPU
		{707503BD-6C94-4EB3-BBE2-E7B35FBB44F6}.Ad-Hoc|Any CPU.Build.0 = Release|Any CPU
		{707503BD-6C94-4EB3-BBE2-E7B35FBB44F6}.Ad-Hoc|Any CPU.Deploy.0 = Release|Any CPU
		{707503BD-6C94-4EB3-BBE2-E7B35FBB44F6}.Ad-Hoc|ARM.ActiveCfg = Release|ARM
		{707503BD-6C94-4EB3-BBE2-E7B35FBB44F6}.Ad-Hoc|ARM.Build.0 = Release|ARM
		{707503BD-6C94-4EB3-BBE2-E7B35FBB44F6}.Ad-Hoc|ARM.Deploy.0 = Release|ARM
		{707503BD-6C94-4EB3-BBE2-E7B35FBB44F6}.Ad-Hoc|iPhone.ActiveCfg = Release|Any CPU
		{707503BD-6C94-4EB3-BBE2-E7B35FBB44F6}.Ad-Hoc|iPhoneSimulator.ActiveCfg = Release|Any CPU
		{707503BD-6C94-4EB3-BBE2-E7B35FBB44F6}.Ad-Hoc|Mixed Platforms.ActiveCfg = Release|x86
		{707503BD-6C94-4EB3-BBE2-E7B35FBB44F6}.Ad-Hoc|Mixed Platforms.Build.0 = Release|x86
		{707503BD-6C94-4EB3-BBE2-E7B35FBB44F6}.Ad-Hoc|Mixed Platforms.Deploy.0 = Release|x86
		{707503BD-6C94-4EB3-BBE2-E7B35FBB44F6}.Ad-Hoc|x64.ActiveCfg = Release|Any CPU
		{707503BD-6C94-4EB3-BBE2-E7B35FBB44F6}.Ad-Hoc|x86.ActiveCfg = Release|x86
		{707503BD-6C94-4EB3-BBE2-E7B35FBB44F6}.Ad-Hoc|x86.Build.0 = Release|x86
		{707503BD-6C94-4EB3-BBE2-E7B35FBB44F6}.Ad-Hoc|x86.Deploy.0 = Release|x86
		{707503BD-6C94-4EB3-BBE2-E7B35FBB44F6}.AppStore|Any CPU.ActiveCfg = Release|Any CPU
		{707503BD-6C94-4EB3-BBE2-E7B35FBB44F6}.AppStore|Any CPU.Build.0 = Release|Any CPU
		{707503BD-6C94-4EB3-BBE2-E7B35FBB44F6}.AppStore|Any CPU.Deploy.0 = Release|Any CPU
		{707503BD-6C94-4EB3-BBE2-E7B35FBB44F6}.AppStore|ARM.ActiveCfg = Release|ARM
		{707503BD-6C94-4EB3-BBE2-E7B35FBB44F6}.AppStore|ARM.Build.0 = Release|ARM
		{707503BD-6C94-4EB3-BBE2-E7B35FBB44F6}.AppStore|ARM.Deploy.0 = Release|ARM
		{707503BD-6C94-4EB3-BBE2-E7B35FBB44F6}.AppStore|iPhone.ActiveCfg = Release|Any CPU
		{707503BD-6C94-4EB3-BBE2-E7B35FBB44F6}.AppStore|iPhoneSimulator.ActiveCfg = Release|Any CPU
		{707503BD-6C94-4EB3-BBE2-E7B35FBB44F6}.AppStore|Mixed Platforms.ActiveCfg = Release|x86
		{707503BD-6C94-4EB3-BBE2-E7B35FBB44F6}.AppStore|Mixed Platforms.Build.0 = Release|x86
		{707503BD-6C94-4EB3-BBE2-E7B35FBB44F6}.AppStore|Mixed Platforms.Deploy.0 = Release|x86
		{707503BD-6C94-4EB3-BBE2-E7B35FBB44F6}.AppStore|x64.ActiveCfg = Release|Any CPU
		{707503BD-6C94-4EB3-BBE2-E7B35FBB44F6}.AppStore|x86.ActiveCfg = Release|x86
		{707503BD-6C94-4EB3-BBE2-E7B35FBB44F6}.AppStore|x86.Build.0 = Release|x86
		{707503BD-6C94-4EB3-BBE2-E7B35FBB44F6}.AppStore|x86.Deploy.0 = Release|x86
		{707503BD-6C94-4EB3-BBE2-E7B35FBB44F6}.Debug|Any CPU.ActiveCfg = Debug|Any CPU
		{707503BD-6C94-4EB3-BBE2-E7B35FBB44F6}.Debug|Any CPU.Build.0 = Debug|Any CPU
		{707503BD-6C94-4EB3-BBE2-E7B35FBB44F6}.Debug|Any CPU.Deploy.0 = Debug|Any CPU
		{707503BD-6C94-4EB3-BBE2-E7B35FBB44F6}.Debug|ARM.ActiveCfg = Debug|ARM
		{707503BD-6C94-4EB3-BBE2-E7B35FBB44F6}.Debug|ARM.Build.0 = Debug|ARM
		{707503BD-6C94-4EB3-BBE2-E7B35FBB44F6}.Debug|ARM.Deploy.0 = Debug|ARM
		{707503BD-6C94-4EB3-BBE2-E7B35FBB44F6}.Debug|iPhone.ActiveCfg = Debug|Any CPU
		{707503BD-6C94-4EB3-BBE2-E7B35FBB44F6}.Debug|iPhoneSimulator.ActiveCfg = Debug|Any CPU
		{707503BD-6C94-4EB3-BBE2-E7B35FBB44F6}.Debug|Mixed Platforms.ActiveCfg = Debug|x86
		{707503BD-6C94-4EB3-BBE2-E7B35FBB44F6}.Debug|Mixed Platforms.Build.0 = Debug|x86
		{707503BD-6C94-4EB3-BBE2-E7B35FBB44F6}.Debug|Mixed Platforms.Deploy.0 = Debug|x86
		{707503BD-6C94-4EB3-BBE2-E7B35FBB44F6}.Debug|x64.ActiveCfg = Debug|Any CPU
		{707503BD-6C94-4EB3-BBE2-E7B35FBB44F6}.Debug|x86.ActiveCfg = Debug|x86
		{707503BD-6C94-4EB3-BBE2-E7B35FBB44F6}.Debug|x86.Build.0 = Debug|x86
		{707503BD-6C94-4EB3-BBE2-E7B35FBB44F6}.Debug|x86.Deploy.0 = Debug|x86
		{707503BD-6C94-4EB3-BBE2-E7B35FBB44F6}.Release|Any CPU.ActiveCfg = Release|Any CPU
		{707503BD-6C94-4EB3-BBE2-E7B35FBB44F6}.Release|Any CPU.Build.0 = Release|Any CPU
		{707503BD-6C94-4EB3-BBE2-E7B35FBB44F6}.Release|Any CPU.Deploy.0 = Release|Any CPU
		{707503BD-6C94-4EB3-BBE2-E7B35FBB44F6}.Release|ARM.ActiveCfg = Release|ARM
		{707503BD-6C94-4EB3-BBE2-E7B35FBB44F6}.Release|ARM.Build.0 = Release|ARM
		{707503BD-6C94-4EB3-BBE2-E7B35FBB44F6}.Release|ARM.Deploy.0 = Release|ARM
		{707503BD-6C94-4EB3-BBE2-E7B35FBB44F6}.Release|iPhone.ActiveCfg = Release|Any CPU
		{707503BD-6C94-4EB3-BBE2-E7B35FBB44F6}.Release|iPhoneSimulator.ActiveCfg = Release|Any CPU
		{707503BD-6C94-4EB3-BBE2-E7B35FBB44F6}.Release|Mixed Platforms.ActiveCfg = Release|x86
		{707503BD-6C94-4EB3-BBE2-E7B35FBB44F6}.Release|Mixed Platforms.Build.0 = Release|x86
		{707503BD-6C94-4EB3-BBE2-E7B35FBB44F6}.Release|Mixed Platforms.Deploy.0 = Release|x86
		{707503BD-6C94-4EB3-BBE2-E7B35FBB44F6}.Release|x64.ActiveCfg = Release|Any CPU
		{707503BD-6C94-4EB3-BBE2-E7B35FBB44F6}.Release|x86.ActiveCfg = Release|x86
		{707503BD-6C94-4EB3-BBE2-E7B35FBB44F6}.Release|x86.Build.0 = Release|x86
		{707503BD-6C94-4EB3-BBE2-E7B35FBB44F6}.Release|x86.Deploy.0 = Release|x86
		{6A85786B-4727-4CB5-B4BD-B2E746916DD5}.Ad-Hoc|Any CPU.ActiveCfg = Release|Any CPU
		{6A85786B-4727-4CB5-B4BD-B2E746916DD5}.Ad-Hoc|Any CPU.Build.0 = Release|Any CPU
		{6A85786B-4727-4CB5-B4BD-B2E746916DD5}.Ad-Hoc|Any CPU.Deploy.0 = Release|Any CPU
		{6A85786B-4727-4CB5-B4BD-B2E746916DD5}.Ad-Hoc|ARM.ActiveCfg = Release|ARM
		{6A85786B-4727-4CB5-B4BD-B2E746916DD5}.Ad-Hoc|ARM.Build.0 = Release|ARM
		{6A85786B-4727-4CB5-B4BD-B2E746916DD5}.Ad-Hoc|ARM.Deploy.0 = Release|ARM
		{6A85786B-4727-4CB5-B4BD-B2E746916DD5}.Ad-Hoc|iPhone.ActiveCfg = Release|Any CPU
		{6A85786B-4727-4CB5-B4BD-B2E746916DD5}.Ad-Hoc|iPhoneSimulator.ActiveCfg = Release|Any CPU
		{6A85786B-4727-4CB5-B4BD-B2E746916DD5}.Ad-Hoc|Mixed Platforms.ActiveCfg = Release|x86
		{6A85786B-4727-4CB5-B4BD-B2E746916DD5}.Ad-Hoc|Mixed Platforms.Build.0 = Release|x86
		{6A85786B-4727-4CB5-B4BD-B2E746916DD5}.Ad-Hoc|Mixed Platforms.Deploy.0 = Release|x86
		{6A85786B-4727-4CB5-B4BD-B2E746916DD5}.Ad-Hoc|x64.ActiveCfg = Release|x64
		{6A85786B-4727-4CB5-B4BD-B2E746916DD5}.Ad-Hoc|x64.Build.0 = Release|x64
		{6A85786B-4727-4CB5-B4BD-B2E746916DD5}.Ad-Hoc|x64.Deploy.0 = Release|x64
		{6A85786B-4727-4CB5-B4BD-B2E746916DD5}.Ad-Hoc|x86.ActiveCfg = Release|x86
		{6A85786B-4727-4CB5-B4BD-B2E746916DD5}.Ad-Hoc|x86.Build.0 = Release|x86
		{6A85786B-4727-4CB5-B4BD-B2E746916DD5}.Ad-Hoc|x86.Deploy.0 = Release|x86
		{6A85786B-4727-4CB5-B4BD-B2E746916DD5}.AppStore|Any CPU.ActiveCfg = Release|Any CPU
		{6A85786B-4727-4CB5-B4BD-B2E746916DD5}.AppStore|Any CPU.Build.0 = Release|Any CPU
		{6A85786B-4727-4CB5-B4BD-B2E746916DD5}.AppStore|Any CPU.Deploy.0 = Release|Any CPU
		{6A85786B-4727-4CB5-B4BD-B2E746916DD5}.AppStore|ARM.ActiveCfg = Release|ARM
		{6A85786B-4727-4CB5-B4BD-B2E746916DD5}.AppStore|ARM.Build.0 = Release|ARM
		{6A85786B-4727-4CB5-B4BD-B2E746916DD5}.AppStore|ARM.Deploy.0 = Release|ARM
		{6A85786B-4727-4CB5-B4BD-B2E746916DD5}.AppStore|iPhone.ActiveCfg = Release|Any CPU
		{6A85786B-4727-4CB5-B4BD-B2E746916DD5}.AppStore|iPhoneSimulator.ActiveCfg = Release|Any CPU
		{6A85786B-4727-4CB5-B4BD-B2E746916DD5}.AppStore|Mixed Platforms.ActiveCfg = Release|x86
		{6A85786B-4727-4CB5-B4BD-B2E746916DD5}.AppStore|Mixed Platforms.Build.0 = Release|x86
		{6A85786B-4727-4CB5-B4BD-B2E746916DD5}.AppStore|Mixed Platforms.Deploy.0 = Release|x86
		{6A85786B-4727-4CB5-B4BD-B2E746916DD5}.AppStore|x64.ActiveCfg = Release|x64
		{6A85786B-4727-4CB5-B4BD-B2E746916DD5}.AppStore|x64.Build.0 = Release|x64
		{6A85786B-4727-4CB5-B4BD-B2E746916DD5}.AppStore|x64.Deploy.0 = Release|x64
		{6A85786B-4727-4CB5-B4BD-B2E746916DD5}.AppStore|x86.ActiveCfg = Release|x86
		{6A85786B-4727-4CB5-B4BD-B2E746916DD5}.AppStore|x86.Build.0 = Release|x86
		{6A85786B-4727-4CB5-B4BD-B2E746916DD5}.AppStore|x86.Deploy.0 = Release|x86
		{6A85786B-4727-4CB5-B4BD-B2E746916DD5}.Debug|Any CPU.ActiveCfg = Debug|Any CPU
		{6A85786B-4727-4CB5-B4BD-B2E746916DD5}.Debug|Any CPU.Build.0 = Debug|Any CPU
		{6A85786B-4727-4CB5-B4BD-B2E746916DD5}.Debug|Any CPU.Deploy.0 = Debug|Any CPU
		{6A85786B-4727-4CB5-B4BD-B2E746916DD5}.Debug|ARM.ActiveCfg = Debug|ARM
		{6A85786B-4727-4CB5-B4BD-B2E746916DD5}.Debug|ARM.Build.0 = Debug|ARM
		{6A85786B-4727-4CB5-B4BD-B2E746916DD5}.Debug|ARM.Deploy.0 = Debug|ARM
		{6A85786B-4727-4CB5-B4BD-B2E746916DD5}.Debug|iPhone.ActiveCfg = Debug|Any CPU
		{6A85786B-4727-4CB5-B4BD-B2E746916DD5}.Debug|iPhoneSimulator.ActiveCfg = Debug|Any CPU
		{6A85786B-4727-4CB5-B4BD-B2E746916DD5}.Debug|Mixed Platforms.ActiveCfg = Debug|x86
		{6A85786B-4727-4CB5-B4BD-B2E746916DD5}.Debug|Mixed Platforms.Build.0 = Debug|x86
		{6A85786B-4727-4CB5-B4BD-B2E746916DD5}.Debug|Mixed Platforms.Deploy.0 = Debug|x86
		{6A85786B-4727-4CB5-B4BD-B2E746916DD5}.Debug|x64.ActiveCfg = Debug|x64
		{6A85786B-4727-4CB5-B4BD-B2E746916DD5}.Debug|x64.Build.0 = Debug|x64
		{6A85786B-4727-4CB5-B4BD-B2E746916DD5}.Debug|x64.Deploy.0 = Debug|x64
		{6A85786B-4727-4CB5-B4BD-B2E746916DD5}.Debug|x86.ActiveCfg = Debug|x86
		{6A85786B-4727-4CB5-B4BD-B2E746916DD5}.Debug|x86.Build.0 = Debug|x86
		{6A85786B-4727-4CB5-B4BD-B2E746916DD5}.Debug|x86.Deploy.0 = Debug|x86
		{6A85786B-4727-4CB5-B4BD-B2E746916DD5}.Release|Any CPU.ActiveCfg = Release|Any CPU
		{6A85786B-4727-4CB5-B4BD-B2E746916DD5}.Release|Any CPU.Build.0 = Release|Any CPU
		{6A85786B-4727-4CB5-B4BD-B2E746916DD5}.Release|Any CPU.Deploy.0 = Release|Any CPU
		{6A85786B-4727-4CB5-B4BD-B2E746916DD5}.Release|ARM.ActiveCfg = Release|ARM
		{6A85786B-4727-4CB5-B4BD-B2E746916DD5}.Release|ARM.Build.0 = Release|ARM
		{6A85786B-4727-4CB5-B4BD-B2E746916DD5}.Release|ARM.Deploy.0 = Release|ARM
		{6A85786B-4727-4CB5-B4BD-B2E746916DD5}.Release|iPhone.ActiveCfg = Release|Any CPU
		{6A85786B-4727-4CB5-B4BD-B2E746916DD5}.Release|iPhoneSimulator.ActiveCfg = Release|Any CPU
		{6A85786B-4727-4CB5-B4BD-B2E746916DD5}.Release|Mixed Platforms.ActiveCfg = Release|x86
		{6A85786B-4727-4CB5-B4BD-B2E746916DD5}.Release|Mixed Platforms.Build.0 = Release|x86
		{6A85786B-4727-4CB5-B4BD-B2E746916DD5}.Release|Mixed Platforms.Deploy.0 = Release|x86
		{6A85786B-4727-4CB5-B4BD-B2E746916DD5}.Release|x64.ActiveCfg = Release|x64
		{6A85786B-4727-4CB5-B4BD-B2E746916DD5}.Release|x64.Build.0 = Release|x64
		{6A85786B-4727-4CB5-B4BD-B2E746916DD5}.Release|x64.Deploy.0 = Release|x64
		{6A85786B-4727-4CB5-B4BD-B2E746916DD5}.Release|x86.ActiveCfg = Release|x86
		{6A85786B-4727-4CB5-B4BD-B2E746916DD5}.Release|x86.Build.0 = Release|x86
		{6A85786B-4727-4CB5-B4BD-B2E746916DD5}.Release|x86.Deploy.0 = Release|x86
		{7E96E2CD-ABA6-4460-AF01-8B5202285BF0}.Ad-Hoc|Any CPU.ActiveCfg = Release|Any CPU
		{7E96E2CD-ABA6-4460-AF01-8B5202285BF0}.Ad-Hoc|Any CPU.Build.0 = Release|Any CPU
		{7E96E2CD-ABA6-4460-AF01-8B5202285BF0}.Ad-Hoc|ARM.ActiveCfg = Release|Any CPU
		{7E96E2CD-ABA6-4460-AF01-8B5202285BF0}.Ad-Hoc|iPhone.ActiveCfg = Release|Any CPU
		{7E96E2CD-ABA6-4460-AF01-8B5202285BF0}.Ad-Hoc|iPhoneSimulator.ActiveCfg = Release|Any CPU
		{7E96E2CD-ABA6-4460-AF01-8B5202285BF0}.Ad-Hoc|Mixed Platforms.ActiveCfg = Release|Any CPU
		{7E96E2CD-ABA6-4460-AF01-8B5202285BF0}.Ad-Hoc|Mixed Platforms.Build.0 = Release|Any CPU
		{7E96E2CD-ABA6-4460-AF01-8B5202285BF0}.Ad-Hoc|x64.ActiveCfg = Release|Any CPU
		{7E96E2CD-ABA6-4460-AF01-8B5202285BF0}.Ad-Hoc|x86.ActiveCfg = Release|Any CPU
		{7E96E2CD-ABA6-4460-AF01-8B5202285BF0}.AppStore|Any CPU.ActiveCfg = Release|Any CPU
		{7E96E2CD-ABA6-4460-AF01-8B5202285BF0}.AppStore|Any CPU.Build.0 = Release|Any CPU
		{7E96E2CD-ABA6-4460-AF01-8B5202285BF0}.AppStore|ARM.ActiveCfg = Release|Any CPU
		{7E96E2CD-ABA6-4460-AF01-8B5202285BF0}.AppStore|iPhone.ActiveCfg = Release|Any CPU
		{7E96E2CD-ABA6-4460-AF01-8B5202285BF0}.AppStore|iPhoneSimulator.ActiveCfg = Release|Any CPU
		{7E96E2CD-ABA6-4460-AF01-8B5202285BF0}.AppStore|Mixed Platforms.ActiveCfg = Release|Any CPU
		{7E96E2CD-ABA6-4460-AF01-8B5202285BF0}.AppStore|Mixed Platforms.Build.0 = Release|Any CPU
		{7E96E2CD-ABA6-4460-AF01-8B5202285BF0}.AppStore|x64.ActiveCfg = Release|Any CPU
		{7E96E2CD-ABA6-4460-AF01-8B5202285BF0}.AppStore|x86.ActiveCfg = Release|Any CPU
		{7E96E2CD-ABA6-4460-AF01-8B5202285BF0}.Debug|Any CPU.ActiveCfg = Debug|Any CPU
		{7E96E2CD-ABA6-4460-AF01-8B5202285BF0}.Debug|Any CPU.Build.0 = Debug|Any CPU
		{7E96E2CD-ABA6-4460-AF01-8B5202285BF0}.Debug|ARM.ActiveCfg = Debug|Any CPU
		{7E96E2CD-ABA6-4460-AF01-8B5202285BF0}.Debug|iPhone.ActiveCfg = Debug|Any CPU
		{7E96E2CD-ABA6-4460-AF01-8B5202285BF0}.Debug|iPhoneSimulator.ActiveCfg = Debug|Any CPU
		{7E96E2CD-ABA6-4460-AF01-8B5202285BF0}.Debug|Mixed Platforms.ActiveCfg = Debug|Any CPU
		{7E96E2CD-ABA6-4460-AF01-8B5202285BF0}.Debug|Mixed Platforms.Build.0 = Debug|Any CPU
		{7E96E2CD-ABA6-4460-AF01-8B5202285BF0}.Debug|x64.ActiveCfg = Debug|Any CPU
		{7E96E2CD-ABA6-4460-AF01-8B5202285BF0}.Debug|x86.ActiveCfg = Debug|Any CPU
		{7E96E2CD-ABA6-4460-AF01-8B5202285BF0}.Release|Any CPU.ActiveCfg = Release|Any CPU
		{7E96E2CD-ABA6-4460-AF01-8B5202285BF0}.Release|Any CPU.Build.0 = Release|Any CPU
		{7E96E2CD-ABA6-4460-AF01-8B5202285BF0}.Release|ARM.ActiveCfg = Release|Any CPU
		{7E96E2CD-ABA6-4460-AF01-8B5202285BF0}.Release|iPhone.ActiveCfg = Release|Any CPU
		{7E96E2CD-ABA6-4460-AF01-8B5202285BF0}.Release|iPhoneSimulator.ActiveCfg = Release|Any CPU
		{7E96E2CD-ABA6-4460-AF01-8B5202285BF0}.Release|Mixed Platforms.ActiveCfg = Release|Any CPU
		{7E96E2CD-ABA6-4460-AF01-8B5202285BF0}.Release|Mixed Platforms.Build.0 = Release|Any CPU
		{7E96E2CD-ABA6-4460-AF01-8B5202285BF0}.Release|x64.ActiveCfg = Release|Any CPU
		{7E96E2CD-ABA6-4460-AF01-8B5202285BF0}.Release|x86.ActiveCfg = Release|Any CPU
		{C8876456-C1F0-4154-A434-21047508C600}.Ad-Hoc|Any CPU.ActiveCfg = Release|Any CPU
		{C8876456-C1F0-4154-A434-21047508C600}.Ad-Hoc|Any CPU.Build.0 = Release|Any CPU
		{C8876456-C1F0-4154-A434-21047508C600}.Ad-Hoc|Any CPU.Deploy.0 = Release|Any CPU
		{C8876456-C1F0-4154-A434-21047508C600}.Ad-Hoc|ARM.ActiveCfg = Release|Any CPU
		{C8876456-C1F0-4154-A434-21047508C600}.Ad-Hoc|iPhone.ActiveCfg = Release|Any CPU
		{C8876456-C1F0-4154-A434-21047508C600}.Ad-Hoc|iPhoneSimulator.ActiveCfg = Release|Any CPU
		{C8876456-C1F0-4154-A434-21047508C600}.Ad-Hoc|Mixed Platforms.ActiveCfg = Release|Any CPU
		{C8876456-C1F0-4154-A434-21047508C600}.Ad-Hoc|Mixed Platforms.Build.0 = Release|Any CPU
		{C8876456-C1F0-4154-A434-21047508C600}.Ad-Hoc|Mixed Platforms.Deploy.0 = Release|Any CPU
		{C8876456-C1F0-4154-A434-21047508C600}.Ad-Hoc|x64.ActiveCfg = Release|Any CPU
		{C8876456-C1F0-4154-A434-21047508C600}.Ad-Hoc|x86.ActiveCfg = Release|Any CPU
		{C8876456-C1F0-4154-A434-21047508C600}.AppStore|Any CPU.ActiveCfg = Release|Any CPU
		{C8876456-C1F0-4154-A434-21047508C600}.AppStore|Any CPU.Build.0 = Release|Any CPU
		{C8876456-C1F0-4154-A434-21047508C600}.AppStore|Any CPU.Deploy.0 = Release|Any CPU
		{C8876456-C1F0-4154-A434-21047508C600}.AppStore|ARM.ActiveCfg = Release|Any CPU
		{C8876456-C1F0-4154-A434-21047508C600}.AppStore|iPhone.ActiveCfg = Release|Any CPU
		{C8876456-C1F0-4154-A434-21047508C600}.AppStore|iPhoneSimulator.ActiveCfg = Release|Any CPU
		{C8876456-C1F0-4154-A434-21047508C600}.AppStore|Mixed Platforms.ActiveCfg = Release|Any CPU
		{C8876456-C1F0-4154-A434-21047508C600}.AppStore|Mixed Platforms.Build.0 = Release|Any CPU
		{C8876456-C1F0-4154-A434-21047508C600}.AppStore|Mixed Platforms.Deploy.0 = Release|Any CPU
		{C8876456-C1F0-4154-A434-21047508C600}.AppStore|x64.ActiveCfg = Release|Any CPU
		{C8876456-C1F0-4154-A434-21047508C600}.AppStore|x86.ActiveCfg = Release|Any CPU
		{C8876456-C1F0-4154-A434-21047508C600}.Debug|Any CPU.ActiveCfg = Debug|Any CPU
		{C8876456-C1F0-4154-A434-21047508C600}.Debug|Any CPU.Build.0 = Debug|Any CPU
		{C8876456-C1F0-4154-A434-21047508C600}.Debug|Any CPU.Deploy.0 = Debug|Any CPU
		{C8876456-C1F0-4154-A434-21047508C600}.Debug|ARM.ActiveCfg = Debug|Any CPU
		{C8876456-C1F0-4154-A434-21047508C600}.Debug|iPhone.ActiveCfg = Debug|Any CPU
		{C8876456-C1F0-4154-A434-21047508C600}.Debug|iPhoneSimulator.ActiveCfg = Debug|Any CPU
		{C8876456-C1F0-4154-A434-21047508C600}.Debug|Mixed Platforms.ActiveCfg = Debug|Any CPU
		{C8876456-C1F0-4154-A434-21047508C600}.Debug|Mixed Platforms.Build.0 = Debug|Any CPU
		{C8876456-C1F0-4154-A434-21047508C600}.Debug|Mixed Platforms.Deploy.0 = Debug|Any CPU
		{C8876456-C1F0-4154-A434-21047508C600}.Debug|x64.ActiveCfg = Debug|Any CPU
		{C8876456-C1F0-4154-A434-21047508C600}.Debug|x86.ActiveCfg = Debug|Any CPU
		{C8876456-C1F0-4154-A434-21047508C600}.Release|Any CPU.ActiveCfg = Release|Any CPU
		{C8876456-C1F0-4154-A434-21047508C600}.Release|Any CPU.Build.0 = Release|Any CPU
		{C8876456-C1F0-4154-A434-21047508C600}.Release|Any CPU.Deploy.0 = Release|Any CPU
		{C8876456-C1F0-4154-A434-21047508C600}.Release|ARM.ActiveCfg = Release|Any CPU
		{C8876456-C1F0-4154-A434-21047508C600}.Release|iPhone.ActiveCfg = Release|Any CPU
		{C8876456-C1F0-4154-A434-21047508C600}.Release|iPhoneSimulator.ActiveCfg = Release|Any CPU
		{C8876456-C1F0-4154-A434-21047508C600}.Release|Mixed Platforms.ActiveCfg = Release|Any CPU
		{C8876456-C1F0-4154-A434-21047508C600}.Release|Mixed Platforms.Build.0 = Release|Any CPU
		{C8876456-C1F0-4154-A434-21047508C600}.Release|Mixed Platforms.Deploy.0 = Release|Any CPU
		{C8876456-C1F0-4154-A434-21047508C600}.Release|x64.ActiveCfg = Release|Any CPU
		{C8876456-C1F0-4154-A434-21047508C600}.Release|x86.ActiveCfg = Release|Any CPU
	EndGlobalSection
	GlobalSection(SolutionProperties) = preSolution
		HideSolutionNode = FALSE
	EndGlobalSection
EndGlobal
